
Microsoft Visual Studio Solution File, Format Version 12.00
# Visual Studio 15
VisualStudioVersion = 15.0.28307.489
MinimumVisualStudioVersion = 10.0.40219.1
Project("{FAE04EC0-301F-11D3-BF4B-00C04F79EFBC}") = "Predavanje1", "Predavanje1\Predavanje1.csproj", "{DB182F2F-0704-48B5-BE7C-B90E8DE6C170}"
EndProject
Global
	GlobalSection(SolutionConfigurationPlatforms) = preSolution
		Debug|Any CPU = Debug|Any CPU
		Release|Any CPU = Release|Any CPU
	EndGlobalSection
	GlobalSection(ProjectConfigurationPlatforms) = postSolution
		{DB182F2F-0704-48B5-BE7C-B90E8DE6C170}.Debug|Any CPU.ActiveCfg = Debug|Any CPU
		{DB182F2F-0704-48B5-BE7C-B90E8DE6C170}.Debug|Any CPU.Build.0 = Debug|Any CPU
		{DB182F2F-0704-48B5-BE7C-B90E8DE6C170}.Release|Any CPU.ActiveCfg = Release|Any CPU
		{DB182F2F-0704-48B5-BE7C-B90E8DE6C170}.Release|Any CPU.Build.0 = Release|Any CPU
	EndGlobalSection
	GlobalSection(SolutionProperties) = preSolution
		HideSolutionNode = FALSE
	EndGlobalSection
	GlobalSection(ExtensibilityGlobals) = postSolution
		SolutionGuid = {806E719E-6651-4041-A675-D6D826227BDF}
	EndGlobalSection
EndGlobal
